
Microsoft Visual Studio Solution File, Format Version 12.00
# Visual Studio Version 17
VisualStudioVersion = 17.9.34723.18
MinimumVisualStudioVersion = 10.0.40219.1
Project("{9A19103F-16F7-4668-BE54-9A1E7A4F7556}") = "IT3B1_WinForm", "IT3B1_WinForm\IT3B1_WinForm.csproj", "{9F818A2E-6B45-4D19-857C-3A14B1F48997}"
EndProject
Project("{54435603-DBB4-11D2-8724-00A0C9A8B90C}") = "MyApp - IT3B1", "MyApp - IT3B1\MyApp - IT3B1.vdproj", "{B1D9C11F-AE0F-4C00-B01E-1EDB83450996}"
EndProject
Global
	GlobalSection(SolutionConfigurationPlatforms) = preSolution
		Debug|Any CPU = Debug|Any CPU
		Release|Any CPU = Release|Any CPU
	EndGlobalSection
	GlobalSection(ProjectConfigurationPlatforms) = postSolution
		{9F818A2E-6B45-4D19-857C-3A14B1F48997}.Debug|Any CPU.ActiveCfg = Debug|Any CPU
		{9F818A2E-6B45-4D19-857C-3A14B1F48997}.Debug|Any CPU.Build.0 = Debug|Any CPU
		{9F818A2E-6B45-4D19-857C-3A14B1F48997}.Release|Any CPU.ActiveCfg = Release|Any CPU
		{9F818A2E-6B45-4D19-857C-3A14B1F48997}.Release|Any CPU.Build.0 = Release|Any CPU
		{B1D9C11F-AE0F-4C00-B01E-1EDB83450996}.Debug|Any CPU.ActiveCfg = Debug
		{B1D9C11F-AE0F-4C00-B01E-1EDB83450996}.Release|Any CPU.ActiveCfg = Release
	EndGlobalSection
	GlobalSection(SolutionProperties) = preSolution
		HideSolutionNode = FALSE
	EndGlobalSection
	GlobalSection(ExtensibilityGlobals) = postSolution
		SolutionGuid = {D61D5732-3FA2-47AC-9999-3D300A265AFF}
	EndGlobalSection
EndGlobal
